// !$*UTF8*$!
{
	archiveVersion = 1;
	classes = {
	};
	objectVersion = 48;
	objects = {

/* Begin PBXBuildFile section */
		1F1D5394E8CE91675AFF5A1A /* Pods_Pokedex.framework in Frameworks */ = {isa = PBXBuildFile; fileRef = 6CAFA05383CC683C6F871F0E /* Pods_Pokedex.framework */; };
		644D367B6D3E26D9B1B4375A /* Pods_PokedexTests.framework in Frameworks */ = {isa = PBXBuildFile; fileRef = 7643F87E86A2FDB1E2E5772A /* Pods_PokedexTests.framework */; };
		9D2D547E1EEFC36100F889FC /* AppDelegate.swift in Sources */ = {isa = PBXBuildFile; fileRef = 9D2D547D1EEFC36100F889FC /* AppDelegate.swift */; };
		9D2D54801EEFC36100F889FC /* ViewController.swift in Sources */ = {isa = PBXBuildFile; fileRef = 9D2D547F1EEFC36100F889FC /* ViewController.swift */; };
		9D2D54831EEFC36100F889FC /* Main.storyboard in Resources */ = {isa = PBXBuildFile; fileRef = 9D2D54811EEFC36100F889FC /* Main.storyboard */; };
		9D2D54851EEFC36100F889FC /* Assets.xcassets in Resources */ = {isa = PBXBuildFile; fileRef = 9D2D54841EEFC36100F889FC /* Assets.xcassets */; };
		9D2D54881EEFC36100F889FC /* LaunchScreen.storyboard in Resources */ = {isa = PBXBuildFile; fileRef = 9D2D54861EEFC36100F889FC /* LaunchScreen.storyboard */; };
		9D2D54931EEFC36100F889FC /* PokedexTests.swift in Sources */ = {isa = PBXBuildFile; fileRef = 9D2D54921EEFC36100F889FC /* PokedexTests.swift */; };
		9D2D549E1EEFC36100F889FC /* PokedexUITests.swift in Sources */ = {isa = PBXBuildFile; fileRef = 9D2D549D1EEFC36100F889FC /* PokedexUITests.swift */; };
		9D8C7F161EEFC8A200F08898 /* Pokemon.swift in Sources */ = {isa = PBXBuildFile; fileRef = 9D8C7F151EEFC8A200F08898 /* Pokemon.swift */; };
		D79FD26C8B7CB0CB6EF9A05F /* Pods_PokedexUITests.framework in Frameworks */ = {isa = PBXBuildFile; fileRef = 2B22F4798035838D0F6B4ABC /* Pods_PokedexUITests.framework */; };
/* End PBXBuildFile section */

/* Begin PBXContainerItemProxy section */
		9D2D548F1EEFC36100F889FC /* PBXContainerItemProxy */ = {
			isa = PBXContainerItemProxy;
			containerPortal = 9D2D54721EEFC36100F889FC /* Project object */;
			proxyType = 1;
			remoteGlobalIDString = 9D2D54791EEFC36100F889FC;
			remoteInfo = Pokedex;
		};
		9D2D549A1EEFC36100F889FC /* PBXContainerItemProxy */ = {
			isa = PBXContainerItemProxy;
			containerPortal = 9D2D54721EEFC36100F889FC /* Project object */;
			proxyType = 1;
			remoteGlobalIDString = 9D2D54791EEFC36100F889FC;
			remoteInfo = Pokedex;
		};
/* End PBXContainerItemProxy section */

/* Begin PBXFileReference section */
		26F97B52954322D122F40D0A /* Pods-Pokedex.debug.xcconfig */ = {isa = PBXFileReference; includeInIndex = 1; lastKnownFileType = text.xcconfig; name = "Pods-Pokedex.debug.xcconfig"; path = "Pods/Target Support Files/Pods-Pokedex/Pods-Pokedex.debug.xcconfig"; sourceTree = "<group>"; };
		273286314759334D2C1DEE56 /* Pods-PokedexUITests.release.xcconfig */ = {isa = PBXFileReference; includeInIndex = 1; lastKnownFileType = text.xcconfig; name = "Pods-PokedexUITests.release.xcconfig"; path = "Pods/Target Support Files/Pods-PokedexUITests/Pods-PokedexUITests.release.xcconfig"; sourceTree = "<group>"; };
		2B22F4798035838D0F6B4ABC /* Pods_PokedexUITests.framework */ = {isa = PBXFileReference; explicitFileType = wrapper.framework; includeInIndex = 0; path = Pods_PokedexUITests.framework; sourceTree = BUILT_PRODUCTS_DIR; };
		6CAFA05383CC683C6F871F0E /* Pods_Pokedex.framework */ = {isa = PBXFileReference; explicitFileType = wrapper.framework; includeInIndex = 0; path = Pods_Pokedex.framework; sourceTree = BUILT_PRODUCTS_DIR; };
		7643F87E86A2FDB1E2E5772A /* Pods_PokedexTests.framework */ = {isa = PBXFileReference; explicitFileType = wrapper.framework; includeInIndex = 0; path = Pods_PokedexTests.framework; sourceTree = BUILT_PRODUCTS_DIR; };
		8FF6E0C54BE88C47B7C12AF5 /* Pods-PokedexUITests.debug.xcconfig */ = {isa = PBXFileReference; includeInIndex = 1; lastKnownFileType = text.xcconfig; name = "Pods-PokedexUITests.debug.xcconfig"; path = "Pods/Target Support Files/Pods-PokedexUITests/Pods-PokedexUITests.debug.xcconfig"; sourceTree = "<group>"; };
		9D2D547A1EEFC36100F889FC /* Pokedex.app */ = {isa = PBXFileReference; explicitFileType = wrapper.application; includeInIndex = 0; path = Pokedex.app; sourceTree = BUILT_PRODUCTS_DIR; };
		9D2D547D1EEFC36100F889FC /* AppDelegate.swift */ = {isa = PBXFileReference; lastKnownFileType = sourcecode.swift; path = AppDelegate.swift; sourceTree = "<group>"; };
		9D2D547F1EEFC36100F889FC /* ViewController.swift */ = {isa = PBXFileReference; lastKnownFileType = sourcecode.swift; path = ViewController.swift; sourceTree = "<group>"; };
		9D2D54821EEFC36100F889FC /* Base */ = {isa = PBXFileReference; lastKnownFileType = file.storyboard; name = Base; path = Base.lproj/Main.storyboard; sourceTree = "<group>"; };
		9D2D54841EEFC36100F889FC /* Assets.xcassets */ = {isa = PBXFileReference; lastKnownFileType = folder.assetcatalog; path = Assets.xcassets; sourceTree = "<group>"; };
		9D2D54871EEFC36100F889FC /* Base */ = {isa = PBXFileReference; lastKnownFileType = file.storyboard; name = Base; path = Base.lproj/LaunchScreen.storyboard; sourceTree = "<group>"; };
		9D2D54891EEFC36100F889FC /* Info.plist */ = {isa = PBXFileReference; lastKnownFileType = text.plist.xml; path = Info.plist; sourceTree = "<group>"; };
		9D2D548E1EEFC36100F889FC /* PokedexTests.xctest */ = {isa = PBXFileReference; explicitFileType = wrapper.cfbundle; includeInIndex = 0; path = PokedexTests.xctest; sourceTree = BUILT_PRODUCTS_DIR; };
		9D2D54921EEFC36100F889FC /* PokedexTests.swift */ = {isa = PBXFileReference; lastKnownFileType = sourcecode.swift; path = PokedexTests.swift; sourceTree = "<group>"; };
		9D2D54941EEFC36100F889FC /* Info.plist */ = {isa = PBXFileReference; lastKnownFileType = text.plist.xml; path = Info.plist; sourceTree = "<group>"; };
		9D2D54991EEFC36100F889FC /* PokedexUITests.xctest */ = {isa = PBXFileReference; explicitFileType = wrapper.cfbundle; includeInIndex = 0; path = PokedexUITests.xctest; sourceTree = BUILT_PRODUCTS_DIR; };
		9D2D549D1EEFC36100F889FC /* PokedexUITests.swift */ = {isa = PBXFileReference; lastKnownFileType = sourcecode.swift; path = PokedexUITests.swift; sourceTree = "<group>"; };
		9D2D549F1EEFC36100F889FC /* Info.plist */ = {isa = PBXFileReference; lastKnownFileType = text.plist.xml; path = Info.plist; sourceTree = "<group>"; };
		9D8C7F151EEFC8A200F08898 /* Pokemon.swift */ = {isa = PBXFileReference; lastKnownFileType = sourcecode.swift; path = Pokemon.swift; sourceTree = "<group>"; };
		B2F423D059F52508FB87E3B0 /* Pods-Pokedex.release.xcconfig */ = {isa = PBXFileReference; includeInIndex = 1; lastKnownFileType = text.xcconfig; name = "Pods-Pokedex.release.xcconfig"; path = "Pods/Target Support Files/Pods-Pokedex/Pods-Pokedex.release.xcconfig"; sourceTree = "<group>"; };
		BB85F614CD74BA5DD04203C6 /* Pods-PokedexTests.debug.xcconfig */ = {isa = PBXFileReference; includeInIndex = 1; lastKnownFileType = text.xcconfig; name = "Pods-PokedexTests.debug.xcconfig"; path = "Pods/Target Support Files/Pods-PokedexTests/Pods-PokedexTests.debug.xcconfig"; sourceTree = "<group>"; };
		DF819F220359B3024F7DB7C5 /* Pods-PokedexTests.release.xcconfig */ = {isa = PBXFileReference; includeInIndex = 1; lastKnownFileType = text.xcconfig; name = "Pods-PokedexTests.release.xcconfig"; path = "Pods/Target Support Files/Pods-PokedexTests/Pods-PokedexTests.release.xcconfig"; sourceTree = "<group>"; };
/* End PBXFileReference section */

/* Begin PBXFrameworksBuildPhase section */
		9D2D54771EEFC36100F889FC /* Frameworks */ = {
			isa = PBXFrameworksBuildPhase;
			buildActionMask = 2147483647;
			files = (
				1F1D5394E8CE91675AFF5A1A /* Pods_Pokedex.framework in Frameworks */,
			);
			runOnlyForDeploymentPostprocessing = 0;
		};
		9D2D548B1EEFC36100F889FC /* Frameworks */ = {
			isa = PBXFrameworksBuildPhase;
			buildActionMask = 2147483647;
			files = (
				644D367B6D3E26D9B1B4375A /* Pods_PokedexTests.framework in Frameworks */,
			);
			runOnlyForDeploymentPostprocessing = 0;
		};
		9D2D54961EEFC36100F889FC /* Frameworks */ = {
			isa = PBXFrameworksBuildPhase;
			buildActionMask = 2147483647;
			files = (
				D79FD26C8B7CB0CB6EF9A05F /* Pods_PokedexUITests.framework in Frameworks */,
			);
			runOnlyForDeploymentPostprocessing = 0;
		};
/* End PBXFrameworksBuildPhase section */

/* Begin PBXGroup section */
		3D24310DCCE397924C9D3D4A /* Pods */ = {
			isa = PBXGroup;
			children = (
				26F97B52954322D122F40D0A /* Pods-Pokedex.debug.xcconfig */,
				B2F423D059F52508FB87E3B0 /* Pods-Pokedex.release.xcconfig */,
				BB85F614CD74BA5DD04203C6 /* Pods-PokedexTests.debug.xcconfig */,
				DF819F220359B3024F7DB7C5 /* Pods-PokedexTests.release.xcconfig */,
				8FF6E0C54BE88C47B7C12AF5 /* Pods-PokedexUITests.debug.xcconfig */,
				273286314759334D2C1DEE56 /* Pods-PokedexUITests.release.xcconfig */,
			);
			name = Pods;
			sourceTree = "<group>";
		};
		9D2D54711EEFC36100F889FC = {
			isa = PBXGroup;
			children = (
				9D2D547C1EEFC36100F889FC /* Pokedex */,
				9D2D54911EEFC36100F889FC /* PokedexTests */,
				9D2D549C1EEFC36100F889FC /* PokedexUITests */,
				9D2D547B1EEFC36100F889FC /* Products */,
				3D24310DCCE397924C9D3D4A /* Pods */,
				EE04F79517D1B6E4ADEC6D8D /* Frameworks */,
			);
			sourceTree = "<group>";
		};
		9D2D547B1EEFC36100F889FC /* Products */ = {
			isa = PBXGroup;
			children = (
				9D2D547A1EEFC36100F889FC /* Pokedex.app */,
				9D2D548E1EEFC36100F889FC /* PokedexTests.xctest */,
				9D2D54991EEFC36100F889FC /* PokedexUITests.xctest */,
			);
			name = Products;
			sourceTree = "<group>";
		};
		9D2D547C1EEFC36100F889FC /* Pokedex */ = {
			isa = PBXGroup;
			children = (
				9D2D54B01EEFC4D000F889FC /* Model */,
				9D2D54AF1EEFC4CA00F889FC /* View */,
				9D2D54AE1EEFC4C200F889FC /* Controller */,
				9D2D54AD1EEFC4BC00F889FC /* Helpers */,
				9D2D54B11EEFC4D600F889FC /* Interface */,
				9D2D54AC1EEFC4B500F889FC /* Supporting */,
				9D8C7F141EEFC64C00F08898 /* Resources */,
			);
			path = Pokedex;
			sourceTree = "<group>";
		};
		9D2D54911EEFC36100F889FC /* PokedexTests */ = {
			isa = PBXGroup;
			children = (
				9D2D54921EEFC36100F889FC /* PokedexTests.swift */,
				9D2D54941EEFC36100F889FC /* Info.plist */,
			);
			path = PokedexTests;
			sourceTree = "<group>";
		};
		9D2D549C1EEFC36100F889FC /* PokedexUITests */ = {
			isa = PBXGroup;
			children = (
				9D2D549D1EEFC36100F889FC /* PokedexUITests.swift */,
				9D2D549F1EEFC36100F889FC /* Info.plist */,
			);
			path = PokedexUITests;
			sourceTree = "<group>";
		};
		9D2D54AC1EEFC4B500F889FC /* Supporting */ = {
			isa = PBXGroup;
			children = (
				9D2D54891EEFC36100F889FC /* Info.plist */,
				9D2D547D1EEFC36100F889FC /* AppDelegate.swift */,
			);
			path = Supporting;
			sourceTree = "<group>";
		};
		9D2D54AD1EEFC4BC00F889FC /* Helpers */ = {
			isa = PBXGroup;
			children = (
			);
			path = Helpers;
			sourceTree = "<group>";
		};
		9D2D54AE1EEFC4C200F889FC /* Controller */ = {
			isa = PBXGroup;
			children = (
				9D2D547F1EEFC36100F889FC /* ViewController.swift */,
			);
			path = Controller;
			sourceTree = "<group>";
		};
		9D2D54AF1EEFC4CA00F889FC /* View */ = {
			isa = PBXGroup;
			children = (
			);
			path = View;
			sourceTree = "<group>";
		};
		9D2D54B01EEFC4D000F889FC /* Model */ = {
			isa = PBXGroup;
			children = (
				9D8C7F151EEFC8A200F08898 /* Pokemon.swift */,
			);
			path = Model;
			sourceTree = "<group>";
		};
		9D2D54B11EEFC4D600F889FC /* Interface */ = {
			isa = PBXGroup;
			children = (
				9D2D54861EEFC36100F889FC /* LaunchScreen.storyboard */,
				9D2D54811EEFC36100F889FC /* Main.storyboard */,
			);
			path = Interface;
			sourceTree = "<group>";
		};
		9D8C7F141EEFC64C00F08898 /* Resources */ = {
			isa = PBXGroup;
			children = (
				9D2D54841EEFC36100F889FC /* Assets.xcassets */,
			);
			path = Resources;
			sourceTree = "<group>";
		};
		EE04F79517D1B6E4ADEC6D8D /* Frameworks */ = {
			isa = PBXGroup;
			children = (
				6CAFA05383CC683C6F871F0E /* Pods_Pokedex.framework */,
				7643F87E86A2FDB1E2E5772A /* Pods_PokedexTests.framework */,
				2B22F4798035838D0F6B4ABC /* Pods_PokedexUITests.framework */,
			);
			name = Frameworks;
			sourceTree = "<group>";
		};
/* End PBXGroup section */

/* Begin PBXNativeTarget section */
		9D2D54791EEFC36100F889FC /* Pokedex */ = {
			isa = PBXNativeTarget;
			buildConfigurationList = 9D2D54A21EEFC36100F889FC /* Build configuration list for PBXNativeTarget "Pokedex" */;
			buildPhases = (
				E360EF4F423D00E954B517C7 /* [CP] Check Pods Manifest.lock */,
				9D2D54761EEFC36100F889FC /* Sources */,
				9D2D54771EEFC36100F889FC /* Frameworks */,
				9D2D54781EEFC36100F889FC /* Resources */,
				101CF8C87B8A99DE6510722A /* [CP] Embed Pods Frameworks */,
				051609355C61832F9339FC19 /* [CP] Copy Pods Resources */,
			);
			buildRules = (
			);
			dependencies = (
			);
			name = Pokedex;
			productName = Pokedex;
			productReference = 9D2D547A1EEFC36100F889FC /* Pokedex.app */;
			productType = "com.apple.product-type.application";
		};
		9D2D548D1EEFC36100F889FC /* PokedexTests */ = {
			isa = PBXNativeTarget;
			buildConfigurationList = 9D2D54A51EEFC36100F889FC /* Build configuration list for PBXNativeTarget "PokedexTests" */;
			buildPhases = (
				1ABEA5BC5B9FDF1CBDCF477C /* [CP] Check Pods Manifest.lock */,
				9D2D548A1EEFC36100F889FC /* Sources */,
				9D2D548B1EEFC36100F889FC /* Frameworks */,
				9D2D548C1EEFC36100F889FC /* Resources */,
				ADF8A04B00BE4587C74613C2 /* [CP] Embed Pods Frameworks */,
				EDE7555B19DB10B7AA4FB53E /* [CP] Copy Pods Resources */,
			);
			buildRules = (
			);
			dependencies = (
				9D2D54901EEFC36100F889FC /* PBXTargetDependency */,
			);
			name = PokedexTests;
			productName = PokedexTests;
			productReference = 9D2D548E1EEFC36100F889FC /* PokedexTests.xctest */;
			productType = "com.apple.product-type.bundle.unit-test";
		};
		9D2D54981EEFC36100F889FC /* PokedexUITests */ = {
			isa = PBXNativeTarget;
			buildConfigurationList = 9D2D54A81EEFC36100F889FC /* Build configuration list for PBXNativeTarget "PokedexUITests" */;
			buildPhases = (
				09DC467AD869390FD0C3AA0C /* [CP] Check Pods Manifest.lock */,
				9D2D54951EEFC36100F889FC /* Sources */,
				9D2D54961EEFC36100F889FC /* Frameworks */,
				9D2D54971EEFC36100F889FC /* Resources */,
				01BB633C9BDBFD91D13217CA /* [CP] Embed Pods Frameworks */,
				E309706A5C29C0AD61139B27 /* [CP] Copy Pods Resources */,
			);
			buildRules = (
			);
			dependencies = (
				9D2D549B1EEFC36100F889FC /* PBXTargetDependency */,
			);
			name = PokedexUITests;
			productName = PokedexUITests;
			productReference = 9D2D54991EEFC36100F889FC /* PokedexUITests.xctest */;
			productType = "com.apple.product-type.bundle.ui-testing";
		};
/* End PBXNativeTarget section */

/* Begin PBXProject section */
		9D2D54721EEFC36100F889FC /* Project object */ = {
			isa = PBXProject;
			attributes = {
				LastSwiftUpdateCheck = 0900;
				LastUpgradeCheck = 0900;
				ORGANIZATIONNAME = ByteOrbit;
				TargetAttributes = {
					9D2D54791EEFC36100F889FC = {
						CreatedOnToolsVersion = 9.0;
					};
					9D2D548D1EEFC36100F889FC = {
						CreatedOnToolsVersion = 9.0;
						TestTargetID = 9D2D54791EEFC36100F889FC;
					};
					9D2D54981EEFC36100F889FC = {
						CreatedOnToolsVersion = 9.0;
						TestTargetID = 9D2D54791EEFC36100F889FC;
					};
				};
			};
			buildConfigurationList = 9D2D54751EEFC36100F889FC /* Build configuration list for PBXProject "Pokedex" */;
			compatibilityVersion = "Xcode 8.0";
			developmentRegion = en;
			hasScannedForEncodings = 0;
			knownRegions = (
				en,
				Base,
			);
			mainGroup = 9D2D54711EEFC36100F889FC;
			productRefGroup = 9D2D547B1EEFC36100F889FC /* Products */;
			projectDirPath = "";
			projectRoot = "";
			targets = (
				9D2D54791EEFC36100F889FC /* Pokedex */,
				9D2D548D1EEFC36100F889FC /* PokedexTests */,
				9D2D54981EEFC36100F889FC /* PokedexUITests */,
			);
		};
/* End PBXProject section */

/* Begin PBXResourcesBuildPhase section */
		9D2D54781EEFC36100F889FC /* Resources */ = {
			isa = PBXResourcesBuildPhase;
			buildActionMask = 2147483647;
			files = (
				9D2D54881EEFC36100F889FC /* LaunchScreen.storyboard in Resources */,
				9D2D54851EEFC36100F889FC /* Assets.xcassets in Resources */,
				9D2D54831EEFC36100F889FC /* Main.storyboard in Resources */,
			);
			runOnlyForDeploymentPostprocessing = 0;
		};
		9D2D548C1EEFC36100F889FC /* Resources */ = {
			isa = PBXResourcesBuildPhase;
			buildActionMask = 2147483647;
			files = (
			);
			runOnlyForDeploymentPostprocessing = 0;
		};
		9D2D54971EEFC36100F889FC /* Resources */ = {
			isa = PBXResourcesBuildPhase;
			buildActionMask = 2147483647;
			files = (
			);
			runOnlyForDeploymentPostprocessing = 0;
		};
/* End PBXResourcesBuildPhase section */

/* Begin PBXShellScriptBuildPhase section */
		01BB633C9BDBFD91D13217CA /* [CP] Embed Pods Frameworks */ = {
			isa = PBXShellScriptBuildPhase;
			buildActionMask = 2147483647;
			files = (
			);
			inputPaths = (
			);
			name = "[CP] Embed Pods Frameworks";
			outputPaths = (
			);
			runOnlyForDeploymentPostprocessing = 0;
			shellPath = /bin/sh;
			shellScript = "\"${SRCROOT}/Pods/Target Support Files/Pods-PokedexUITests/Pods-PokedexUITests-frameworks.sh\"\n";
			showEnvVarsInLog = 0;
		};
		051609355C61832F9339FC19 /* [CP] Copy Pods Resources */ = {
			isa = PBXShellScriptBuildPhase;
			buildActionMask = 2147483647;
			files = (
			);
			inputPaths = (
			);
			name = "[CP] Copy Pods Resources";
			outputPaths = (
			);
			runOnlyForDeploymentPostprocessing = 0;
			shellPath = /bin/sh;
			shellScript = "\"${SRCROOT}/Pods/Target Support Files/Pods-Pokedex/Pods-Pokedex-resources.sh\"\n";
			showEnvVarsInLog = 0;
		};
		09DC467AD869390FD0C3AA0C /* [CP] Check Pods Manifest.lock */ = {
			isa = PBXShellScriptBuildPhase;
			buildActionMask = 2147483647;
			files = (
			);
			inputPaths = (
			);
			name = "[CP] Check Pods Manifest.lock";
			outputPaths = (
			);
			runOnlyForDeploymentPostprocessing = 0;
			shellPath = /bin/sh;
			shellScript = "diff \"${PODS_PODFILE_DIR_PATH}/Podfile.lock\" \"${PODS_ROOT}/Manifest.lock\" > /dev/null\nif [ $? != 0 ] ; then\n    # print error to STDERR\n    echo \"error: The sandbox is not in sync with the Podfile.lock. Run 'pod install' or update your CocoaPods installation.\" >&2\n    exit 1\nfi\n";
			showEnvVarsInLog = 0;
		};
		101CF8C87B8A99DE6510722A /* [CP] Embed Pods Frameworks */ = {
			isa = PBXShellScriptBuildPhase;
			buildActionMask = 2147483647;
			files = (
			);
			inputPaths = (
			);
			name = "[CP] Embed Pods Frameworks";
			outputPaths = (
			);
			runOnlyForDeploymentPostprocessing = 0;
			shellPath = /bin/sh;
			shellScript = "\"${SRCROOT}/Pods/Target Support Files/Pods-Pokedex/Pods-Pokedex-frameworks.sh\"\n";
			showEnvVarsInLog = 0;
		};
		1ABEA5BC5B9FDF1CBDCF477C /* [CP] Check Pods Manifest.lock */ = {
			isa = PBXShellScriptBuildPhase;
			buildActionMask = 2147483647;
			files = (
			);
			inputPaths = (
			);
			name = "[CP] Check Pods Manifest.lock";
			outputPaths = (
			);
			runOnlyForDeploymentPostprocessing = 0;
			shellPath = /bin/sh;
			shellScript = "diff \"${PODS_PODFILE_DIR_PATH}/Podfile.lock\" \"${PODS_ROOT}/Manifest.lock\" > /dev/null\nif [ $? != 0 ] ; then\n    # print error to STDERR\n    echo \"error: The sandbox is not in sync with the Podfile.lock. Run 'pod install' or update your CocoaPods installation.\" >&2\n    exit 1\nfi\n";
			showEnvVarsInLog = 0;
		};
		ADF8A04B00BE4587C74613C2 /* [CP] Embed Pods Frameworks */ = {
			isa = PBXShellScriptBuildPhase;
			buildActionMask = 2147483647;
			files = (
			);
			inputPaths = (
			);
			name = "[CP] Embed Pods Frameworks";
			outputPaths = (
			);
			runOnlyForDeploymentPostprocessing = 0;
			shellPath = /bin/sh;
			shellScript = "\"${SRCROOT}/Pods/Target Support Files/Pods-PokedexTests/Pods-PokedexTests-frameworks.sh\"\n";
			showEnvVarsInLog = 0;
		};
		E309706A5C29C0AD61139B27 /* [CP] Copy Pods Resources */ = {
			isa = PBXShellScriptBuildPhase;
			buildActionMask = 2147483647;
			files = (
			);
			inputPaths = (
			);
			name = "[CP] Copy Pods Resources";
			outputPaths = (
			);
			runOnlyForDeploymentPostprocessing = 0;
			shellPath = /bin/sh;
			shellScript = "\"${SRCROOT}/Pods/Target Support Files/Pods-PokedexUITests/Pods-PokedexUITests-resources.sh\"\n";
			showEnvVarsInLog = 0;
		};
		E360EF4F423D00E954B517C7 /* [CP] Check Pods Manifest.lock */ = {
			isa = PBXShellScriptBuildPhase;
			buildActionMask = 2147483647;
			files = (
			);
			inputPaths = (
			);
			name = "[CP] Check Pods Manifest.lock";
			outputPaths = (
			);
			runOnlyForDeploymentPostprocessing = 0;
			shellPath = /bin/sh;
			shellScript = "diff \"${PODS_PODFILE_DIR_PATH}/Podfile.lock\" \"${PODS_ROOT}/Manifest.lock\" > /dev/null\nif [ $? != 0 ] ; then\n    # print error to STDERR\n    echo \"error: The sandbox is not in sync with the Podfile.lock. Run 'pod install' or update your CocoaPods installation.\" >&2\n    exit 1\nfi\n";
			showEnvVarsInLog = 0;
		};
		EDE7555B19DB10B7AA4FB53E /* [CP] Copy Pods Resources */ = {
			isa = PBXShellScriptBuildPhase;
			buildActionMask = 2147483647;
			files = (
			);
			inputPaths = (
			);
			name = "[CP] Copy Pods Resources";
			outputPaths = (
			);
			runOnlyForDeploymentPostprocessing = 0;
			shellPath = /bin/sh;
			shellScript = "\"${SRCROOT}/Pods/Target Support Files/Pods-PokedexTests/Pods-PokedexTests-resources.sh\"\n";
			showEnvVarsInLog = 0;
		};
/* End PBXShellScriptBuildPhase section */

/* Begin PBXSourcesBuildPhase section */
		9D2D54761EEFC36100F889FC /* Sources */ = {
			isa = PBXSourcesBuildPhase;
			buildActionMask = 2147483647;
			files = (
				9D2D54801EEFC36100F889FC /* ViewController.swift in Sources */,
				9D2D547E1EEFC36100F889FC /* AppDelegate.swift in Sources */,
				9D8C7F161EEFC8A200F08898 /* Pokemon.swift in Sources */,
			);
			runOnlyForDeploymentPostprocessing = 0;
		};
		9D2D548A1EEFC36100F889FC /* Sources */ = {
			isa = PBXSourcesBuildPhase;
			buildActionMask = 2147483647;
			files = (
				9D2D54931EEFC36100F889FC /* PokedexTests.swift in Sources */,
			);
			runOnlyForDeploymentPostprocessing = 0;
		};
		9D2D54951EEFC36100F889FC /* Sources */ = {
			isa = PBXSourcesBuildPhase;
			buildActionMask = 2147483647;
			files = (
				9D2D549E1EEFC36100F889FC /* PokedexUITests.swift in Sources */,
			);
			runOnlyForDeploymentPostprocessing = 0;
		};
/* End PBXSourcesBuildPhase section */

/* Begin PBXTargetDependency section */
		9D2D54901EEFC36100F889FC /* PBXTargetDependency */ = {
			isa = PBXTargetDependency;
			target = 9D2D54791EEFC36100F889FC /* Pokedex */;
			targetProxy = 9D2D548F1EEFC36100F889FC /* PBXContainerItemProxy */;
		};
		9D2D549B1EEFC36100F889FC /* PBXTargetDependency */ = {
			isa = PBXTargetDependency;
			target = 9D2D54791EEFC36100F889FC /* Pokedex */;
			targetProxy = 9D2D549A1EEFC36100F889FC /* PBXContainerItemProxy */;
		};
/* End PBXTargetDependency section */

/* Begin PBXVariantGroup section */
		9D2D54811EEFC36100F889FC /* Main.storyboard */ = {
			isa = PBXVariantGroup;
			children = (
				9D2D54821EEFC36100F889FC /* Base */,
			);
			name = Main.storyboard;
			sourceTree = "<group>";
		};
		9D2D54861EEFC36100F889FC /* LaunchScreen.storyboard */ = {
			isa = PBXVariantGroup;
			children = (
				9D2D54871EEFC36100F889FC /* Base */,
			);
			name = LaunchScreen.storyboard;
			sourceTree = "<group>";
		};
/* End PBXVariantGroup section */

/* Begin XCBuildConfiguration section */
		9D2D54A01EEFC36100F889FC /* Debug */ = {
			isa = XCBuildConfiguration;
			buildSettings = {
				ALWAYS_SEARCH_USER_PATHS = NO;
				CLANG_ANALYZER_NONNULL = YES;
				CLANG_ANALYZER_NUMBER_OBJECT_CONVERSION = YES_AGGRESSIVE;
				CLANG_CXX_LANGUAGE_STANDARD = "gnu++14";
				CLANG_CXX_LIBRARY = "libc++";
				CLANG_ENABLE_MODULES = YES;
				CLANG_ENABLE_OBJC_ARC = YES;
				CLANG_WARN_BLOCK_CAPTURE_AUTORELEASING = YES;
				CLANG_WARN_BOOL_CONVERSION = YES;
				CLANG_WARN_COMMA = YES;
				CLANG_WARN_CONSTANT_CONVERSION = YES;
				CLANG_WARN_DIRECT_OBJC_ISA_USAGE = YES_ERROR;
				CLANG_WARN_DOCUMENTATION_COMMENTS = YES;
				CLANG_WARN_EMPTY_BODY = YES;
				CLANG_WARN_ENUM_CONVERSION = YES;
				CLANG_WARN_INFINITE_RECURSION = YES;
				CLANG_WARN_INT_CONVERSION = YES;
				CLANG_WARN_OBJC_ROOT_CLASS = YES_ERROR;
				CLANG_WARN_RANGE_LOOP_ANALYSIS = YES;
				CLANG_WARN_STRICT_PROTOTYPES = YES;
				CLANG_WARN_SUSPICIOUS_MOVE = YES;
				CLANG_WARN_UNGUARDED_AVAILABILITY = YES_AGGRESSIVE;
				CLANG_WARN_UNREACHABLE_CODE = YES;
				CLANG_WARN__DUPLICATE_METHOD_MATCH = YES;
				CODE_SIGN_IDENTITY = "iPhone Developer";
				COPY_PHASE_STRIP = NO;
				DEBUG_INFORMATION_FORMAT = dwarf;
				ENABLE_STRICT_OBJC_MSGSEND = YES;
				ENABLE_TESTABILITY = YES;
				GCC_C_LANGUAGE_STANDARD = gnu11;
				GCC_DYNAMIC_NO_PIC = NO;
				GCC_NO_COMMON_BLOCKS = YES;
				GCC_OPTIMIZATION_LEVEL = 0;
				GCC_PREPROCESSOR_DEFINITIONS = (
					"DEBUG=1",
					"$(inherited)",
				);
				GCC_WARN_64_TO_32_BIT_CONVERSION = YES;
				GCC_WARN_ABOUT_RETURN_TYPE = YES_ERROR;
				GCC_WARN_UNDECLARED_SELECTOR = YES;
				GCC_WARN_UNINITIALIZED_AUTOS = YES_AGGRESSIVE;
				GCC_WARN_UNUSED_FUNCTION = YES;
				GCC_WARN_UNUSED_VARIABLE = YES;
				IPHONEOS_DEPLOYMENT_TARGET = 11.0;
				MTL_ENABLE_DEBUG_INFO = YES;
				ONLY_ACTIVE_ARCH = YES;
				SDKROOT = iphoneos;
				SWIFT_ACTIVE_COMPILATION_CONDITIONS = DEBUG;
				SWIFT_OPTIMIZATION_LEVEL = "-Onone";
			};
			name = Debug;
		};
		9D2D54A11EEFC36100F889FC /* Release */ = {
			isa = XCBuildConfiguration;
			buildSettings = {
				ALWAYS_SEARCH_USER_PATHS = NO;
				CLANG_ANALYZER_NONNULL = YES;
				CLANG_ANALYZER_NUMBER_OBJECT_CONVERSION = YES_AGGRESSIVE;
				CLANG_CXX_LANGUAGE_STANDARD = "gnu++14";
				CLANG_CXX_LIBRARY = "libc++";
				CLANG_ENABLE_MODULES = YES;
				CLANG_ENABLE_OBJC_ARC = YES;
				CLANG_WARN_BLOCK_CAPTURE_AUTORELEASING = YES;
				CLANG_WARN_BOOL_CONVERSION = YES;
				CLANG_WARN_COMMA = YES;
				CLANG_WARN_CONSTANT_CONVERSION = YES;
				CLANG_WARN_DIRECT_OBJC_ISA_USAGE = YES_ERROR;
				CLANG_WARN_DOCUMENTATION_COMMENTS = YES;
				CLANG_WARN_EMPTY_BODY = YES;
				CLANG_WARN_ENUM_CONVERSION = YES;
				CLANG_WARN_INFINITE_RECURSION = YES;
				CLANG_WARN_INT_CONVERSION = YES;
				CLANG_WARN_OBJC_ROOT_CLASS = YES_ERROR;
				CLANG_WARN_RANGE_LOOP_ANALYSIS = YES;
				CLANG_WARN_STRICT_PROTOTYPES = YES;
				CLANG_WARN_SUSPICIOUS_MOVE = YES;
				CLANG_WARN_UNGUARDED_AVAILABILITY = YES_AGGRESSIVE;
				CLANG_WARN_UNREACHABLE_CODE = YES;
				CLANG_WARN__DUPLICATE_METHOD_MATCH = YES;
				CODE_SIGN_IDENTITY = "iPhone Developer";
				COPY_PHASE_STRIP = NO;
				DEBUG_INFORMATION_FORMAT = "dwarf-with-dsym";
				ENABLE_NS_ASSERTIONS = NO;
				ENABLE_STRICT_OBJC_MSGSEND = YES;
				GCC_C_LANGUAGE_STANDARD = gnu11;
				GCC_NO_COMMON_BLOCKS = YES;
				GCC_WARN_64_TO_32_BIT_CONVERSION = YES;
				GCC_WARN_ABOUT_RETURN_TYPE = YES_ERROR;
				GCC_WARN_UNDECLARED_SELECTOR = YES;
				GCC_WARN_UNINITIALIZED_AUTOS = YES_AGGRESSIVE;
				GCC_WARN_UNUSED_FUNCTION = YES;
				GCC_WARN_UNUSED_VARIABLE = YES;
				IPHONEOS_DEPLOYMENT_TARGET = 11.0;
				MTL_ENABLE_DEBUG_INFO = NO;
				SDKROOT = iphoneos;
				SWIFT_OPTIMIZATION_LEVEL = "-Owholemodule";
				VALIDATE_PRODUCT = YES;
			};
			name = Release;
		};
		9D2D54A31EEFC36100F889FC /* Debug */ = {
			isa = XCBuildConfiguration;
			baseConfigurationReference = 26F97B52954322D122F40D0A /* Pods-Pokedex.debug.xcconfig */;
			buildSettings = {
				ASSETCATALOG_COMPILER_APPICON_NAME = AppIcon;
				INFOPLIST_FILE = Pokedex/Info.plist;
				LD_RUNPATH_SEARCH_PATHS = "$(inherited) @executable_path/Frameworks";
				PRODUCT_BUNDLE_IDENTIFIER = com.byteorbit.malcolm.Pokedex;
				PRODUCT_NAME = "$(TARGET_NAME)";
				SWIFT_VERSION = 4.0;
				TARGETED_DEVICE_FAMILY = "1,2";
			};
			name = Debug;
		};
		9D2D54A41EEFC36100F889FC /* Release */ = {
			isa = XCBuildConfiguration;
			baseConfigurationReference = B2F423D059F52508FB87E3B0 /* Pods-Pokedex.release.xcconfig */;
			buildSettings = {
				ASSETCATALOG_COMPILER_APPICON_NAME = AppIcon;
				INFOPLIST_FILE = Pokedex/Info.plist;
				LD_RUNPATH_SEARCH_PATHS = "$(inherited) @executable_path/Frameworks";
				PRODUCT_BUNDLE_IDENTIFIER = com.byteorbit.malcolm.Pokedex;
				PRODUCT_NAME = "$(TARGET_NAME)";
				SWIFT_VERSION = 4.0;
				TARGETED_DEVICE_FAMILY = "1,2";
			};
			name = Release;
		};
		9D2D54A61EEFC36100F889FC /* Debug */ = {
			isa = XCBuildConfiguration;
			baseConfigurationReference = BB85F614CD74BA5DD04203C6 /* Pods-PokedexTests.debug.xcconfig */;
			buildSettings = {
				ALWAYS_EMBED_SWIFT_STANDARD_LIBRARIES = YES;
				BUNDLE_LOADER = "$(TEST_HOST)";
				INFOPLIST_FILE = PokedexTests/Info.plist;
				LD_RUNPATH_SEARCH_PATHS = "$(inherited) @executable_path/Frameworks @loader_path/Frameworks";
				PRODUCT_BUNDLE_IDENTIFIER = com.byteorbit.malcolm.PokedexTests;
				PRODUCT_NAME = "$(TARGET_NAME)";
				SWIFT_VERSION = 4.0;
				TARGETED_DEVICE_FAMILY = "1,2";
				TEST_HOST = "$(BUILT_PRODUCTS_DIR)/Pokedex.app/Pokedex";
			};
			name = Debug;
		};
		9D2D54A71EEFC36100F889FC /* Release */ = {
			isa = XCBuildConfiguration;
			baseConfigurationReference = DF819F220359B3024F7DB7C5 /* Pods-PokedexTests.release.xcconfig */;
			buildSettings = {
				ALWAYS_EMBED_SWIFT_STANDARD_LIBRARIES = YES;
				BUNDLE_LOADER = "$(TEST_HOST)";
				INFOPLIST_FILE = PokedexTests/Info.plist;
				LD_RUNPATH_SEARCH_PATHS = "$(inherited) @executable_path/Frameworks @loader_path/Frameworks";
				PRODUCT_BUNDLE_IDENTIFIER = com.byteorbit.malcolm.PokedexTests;
				PRODUCT_NAME = "$(TARGET_NAME)";
				SWIFT_VERSION = 4.0;
				TARGETED_DEVICE_FAMILY = "1,2";
				TEST_HOST = "$(BUILT_PRODUCTS_DIR)/Pokedex.app/Pokedex";
			};
			name = Release;
		};
		9D2D54A91EEFC36100F889FC /* Debug */ = {
			isa = XCBuildConfiguration;
			baseConfigurationReference = 8FF6E0C54BE88C47B7C12AF5 /* Pods-PokedexUITests.debug.xcconfig */;
			buildSettings = {
				ALWAYS_EMBED_SWIFT_STANDARD_LIBRARIES = YES;
				INFOPLIST_FILE = PokedexUITests/Info.plist;
				LD_RUNPATH_SEARCH_PATHS = "$(inherited) @executable_path/Frameworks @loader_path/Frameworks";
				PRODUCT_BUNDLE_IDENTIFIER = com.byteorbit.malcolm.PokedexUITests;
				PRODUCT_NAME = "$(TARGET_NAME)";
				SWIFT_VERSION = 4.0;
				TARGETED_DEVICE_FAMILY = "1,2";
				TEST_TARGET_NAME = Pokedex;
			};
			name = Debug;
		};
		9D2D54AA1EEFC36100F889FC /* Release */ = {
			isa = XCBuildConfiguration;
			baseConfigurationReference = 273286314759334D2C1DEE56 /* Pods-PokedexUITests.release.xcconfig */;
			buildSettings = {
				ALWAYS_EMBED_SWIFT_STANDARD_LIBRARIES = YES;
				INFOPLIST_FILE = PokedexUITests/Info.plist;
				LD_RUNPATH_SEARCH_PATHS = "$(inherited) @executable_path/Frameworks @loader_path/Frameworks";
				PRODUCT_BUNDLE_IDENTIFIER = com.byteorbit.malcolm.PokedexUITests;
				PRODUCT_NAME = "$(TARGET_NAME)";
				SWIFT_VERSION = 4.0;
				TARGETED_DEVICE_FAMILY = "1,2";
				TEST_TARGET_NAME = Pokedex;
			};
			name = Release;
		};
/* End XCBuildConfiguration section */

/* Begin XCConfigurationList section */
		9D2D54751EEFC36100F889FC /* Build configuration list for PBXProject "Pokedex" */ = {
			isa = XCConfigurationList;
			buildConfigurations = (
				9D2D54A01EEFC36100F889FC /* Debug */,
				9D2D54A11EEFC36100F889FC /* Release */,
			);
			defaultConfigurationIsVisible = 0;
			defaultConfigurationName = Release;
		};
		9D2D54A21EEFC36100F889FC /* Build configuration list for PBXNativeTarget "Pokedex" */ = {
			isa = XCConfigurationList;
			buildConfigurations = (
				9D2D54A31EEFC36100F889FC /* Debug */,
				9D2D54A41EEFC36100F889FC /* Release */,
			);
			defaultConfigurationIsVisible = 0;
			defaultConfigurationName = Release;
		};
		9D2D54A51EEFC36100F889FC /* Build configuration list for PBXNativeTarget "PokedexTests" */ = {
			isa = XCConfigurationList;
			buildConfigurations = (
				9D2D54A61EEFC36100F889FC /* Debug */,
				9D2D54A71EEFC36100F889FC /* Release */,
			);
			defaultConfigurationIsVisible = 0;
			defaultConfigurationName = Release;
		};
		9D2D54A81EEFC36100F889FC /* Build configuration list for PBXNativeTarget "PokedexUITests" */ = {
			isa = XCConfigurationList;
			buildConfigurations = (
				9D2D54A91EEFC36100F889FC /* Debug */,
				9D2D54AA1EEFC36100F889FC /* Release */,
			);
			defaultConfigurationIsVisible = 0;
			defaultConfigurationName = Release;
		};
/* End XCConfigurationList section */
	};
	rootObject = 9D2D54721EEFC36100F889FC /* Project object */;
}
